
Microsoft Visual Studio Solution File, Format Version 12.00
# Visual Studio 15
VisualStudioVersion = 15.0.27428.2043
MinimumVisualStudioVersion = 10.0.40219.1
Project("{FAE04EC0-301F-11D3-BF4B-00C04F79EFBC}") = "DemoCamara.Android", "DemoCamara\DemoCamara.Android\DemoCamara.Android.csproj", "{08C64FBB-3FB8-4D32-96F6-A0337C5FC9D9}"
EndProject
Project("{FAE04EC0-301F-11D3-BF4B-00C04F79EFBC}") = "DemoCamara", "DemoCamara\DemoCamara\DemoCamara.csproj", "{D044C5DD-C75F-44EA-A9BF-6F405C9D7459}"
EndProject
Global
	GlobalSection(SolutionConfigurationPlatforms) = preSolution
		Debug|Any CPU = Debug|Any CPU
		Release|Any CPU = Release|Any CPU
	EndGlobalSection
	GlobalSection(ProjectConfigurationPlatforms) = postSolution
		{08C64FBB-3FB8-4D32-96F6-A0337C5FC9D9}.Debug|Any CPU.ActiveCfg = Debug|Any CPU
		{08C64FBB-3FB8-4D32-96F6-A0337C5FC9D9}.Debug|Any CPU.Build.0 = Debug|Any CPU
		{08C64FBB-3FB8-4D32-96F6-A0337C5FC9D9}.Debug|Any CPU.Deploy.0 = Debug|Any CPU
		{08C64FBB-3FB8-4D32-96F6-A0337C5FC9D9}.Release|Any CPU.ActiveCfg = Release|Any CPU
		{08C64FBB-3FB8-4D32-96F6-A0337C5FC9D9}.Release|Any CPU.Build.0 = Release|Any CPU
		{08C64FBB-3FB8-4D32-96F6-A0337C5FC9D9}.Release|Any CPU.Deploy.0 = Release|Any CPU
		{D044C5DD-C75F-44EA-A9BF-6F405C9D7459}.Debug|Any CPU.ActiveCfg = Debug|Any CPU
		{D044C5DD-C75F-44EA-A9BF-6F405C9D7459}.Debug|Any CPU.Build.0 = Debug|Any CPU
		{D044C5DD-C75F-44EA-A9BF-6F405C9D7459}.Release|Any CPU.ActiveCfg = Release|Any CPU
		{D044C5DD-C75F-44EA-A9BF-6F405C9D7459}.Release|Any CPU.Build.0 = Release|Any CPU
	EndGlobalSection
	GlobalSection(SolutionProperties) = preSolution
		HideSolutionNode = FALSE
	EndGlobalSection
	GlobalSection(ExtensibilityGlobals) = postSolution
		SolutionGuid = {97CF0E60-A876-4684-85BF-9CC5E9898200}
	EndGlobalSection
EndGlobal
